
Microsoft Visual Studio Solution File, Format Version 12.00
# Visual Studio Version 17
VisualStudioVersion = 17.5.002.0
MinimumVisualStudioVersion = 10.0.40219.1
Project("{9A19103F-16F7-4668-BE54-9A1E7A4F7556}") = "MazeChallengeCA", "MazeChallengeCA.csproj", "{0F2AFDD6-783F-4B3F-A241-34FED6C09905}"
EndProject
Global
	GlobalSection(SolutionConfigurationPlatforms) = preSolution
		Debug|Any CPU = Debug|Any CPU
		Release|Any CPU = Release|Any CPU
	EndGlobalSection
	GlobalSection(ProjectConfigurationPlatforms) = postSolution
		{0F2AFDD6-783F-4B3F-A241-34FED6C09905}.Debug|Any CPU.ActiveCfg = Debug|Any CPU
		{0F2AFDD6-783F-4B3F-A241-34FED6C09905}.Debug|Any CPU.Build.0 = Debug|Any CPU
		{0F2AFDD6-783F-4B3F-A241-34FED6C09905}.Release|Any CPU.ActiveCfg = Release|Any CPU
		{0F2AFDD6-783F-4B3F-A241-34FED6C09905}.Release|Any CPU.Build.0 = Release|Any CPU
	EndGlobalSection
	GlobalSection(SolutionProperties) = preSolution
		HideSolutionNode = FALSE
	EndGlobalSection
	GlobalSection(ExtensibilityGlobals) = postSolution
		SolutionGuid = {0EAF1E1F-B887-44A8-AC58-54686EBFEA26}
	EndGlobalSection
EndGlobal
